// !$*UTF8*$!
{
	archiveVersion = 1;
	classes = {
	};
	objectVersion = 46;
	objects = {

/* Begin PBXBuildFile section */
		179B4BE21C5D7322005F4FC8 /* selectCityVC.swift in Sources */ = {isa = PBXBuildFile; fileRef = 179B4BE11C5D7322005F4FC8 /* selectCityVC.swift */; };
		179B4BE51C5D7440005F4FC8 /* City.swift in Sources */ = {isa = PBXBuildFile; fileRef = 179B4BE41C5D7440005F4FC8 /* City.swift */; };
		179B4BE81C5D76B8005F4FC8 /* Constants.swift in Sources */ = {isa = PBXBuildFile; fileRef = 179B4BE71C5D76B8005F4FC8 /* Constants.swift */; };
		179B4BEC1C5D7F97005F4FC8 /* TableViewCell.swift in Sources */ = {isa = PBXBuildFile; fileRef = 179B4BEB1C5D7F97005F4FC8 /* TableViewCell.swift */; };
		17E783131C5D1B1500C2E44C /* AppDelegate.swift in Sources */ = {isa = PBXBuildFile; fileRef = 17E783121C5D1B1500C2E44C /* AppDelegate.swift */; };
		17E783151C5D1B1500C2E44C /* ViewController.swift in Sources */ = {isa = PBXBuildFile; fileRef = 17E783141C5D1B1500C2E44C /* ViewController.swift */; };
		17E783181C5D1B1500C2E44C /* Main.storyboard in Resources */ = {isa = PBXBuildFile; fileRef = 17E783161C5D1B1500C2E44C /* Main.storyboard */; };
		17E7831A1C5D1B1500C2E44C /* Assets.xcassets in Resources */ = {isa = PBXBuildFile; fileRef = 17E783191C5D1B1500C2E44C /* Assets.xcassets */; };
		17E7831D1C5D1B1500C2E44C /* LaunchScreen.storyboard in Resources */ = {isa = PBXBuildFile; fileRef = 17E7831B1C5D1B1500C2E44C /* LaunchScreen.storyboard */; };
		63AEF26D7DE98346554F4D8D /* Pods_weatherApp.framework in Frameworks */ = {isa = PBXBuildFile; fileRef = B9D048C3D7E558643A85CFB0 /* Pods_weatherApp.framework */; };
/* End PBXBuildFile section */

/* Begin PBXFileReference section */
		0387E147ACCF4725C454E584 /* Pods-weatherApp.release.xcconfig */ = {isa = PBXFileReference; includeInIndex = 1; lastKnownFileType = text.xcconfig; name = "Pods-weatherApp.release.xcconfig"; path = "Pods/Target Support Files/Pods-weatherApp/Pods-weatherApp.release.xcconfig"; sourceTree = "<group>"; };
		179B4BE11C5D7322005F4FC8 /* selectCityVC.swift */ = {isa = PBXFileReference; fileEncoding = 4; lastKnownFileType = sourcecode.swift; path = selectCityVC.swift; sourceTree = "<group>"; };
		179B4BE41C5D7440005F4FC8 /* City.swift */ = {isa = PBXFileReference; fileEncoding = 4; lastKnownFileType = sourcecode.swift; path = City.swift; sourceTree = "<group>"; };
		179B4BE71C5D76B8005F4FC8 /* Constants.swift */ = {isa = PBXFileReference; fileEncoding = 4; lastKnownFileType = sourcecode.swift; path = Constants.swift; sourceTree = "<group>"; };
		179B4BEB1C5D7F97005F4FC8 /* TableViewCell.swift */ = {isa = PBXFileReference; fileEncoding = 4; lastKnownFileType = sourcecode.swift; path = TableViewCell.swift; sourceTree = "<group>"; };
		17E7830F1C5D1B1500C2E44C /* weatherApp.app */ = {isa = PBXFileReference; explicitFileType = wrapper.application; includeInIndex = 0; path = weatherApp.app; sourceTree = BUILT_PRODUCTS_DIR; };
		17E783121C5D1B1500C2E44C /* AppDelegate.swift */ = {isa = PBXFileReference; lastKnownFileType = sourcecode.swift; path = AppDelegate.swift; sourceTree = "<group>"; };
		17E783141C5D1B1500C2E44C /* ViewController.swift */ = {isa = PBXFileReference; lastKnownFileType = sourcecode.swift; path = ViewController.swift; sourceTree = "<group>"; };
		17E783171C5D1B1500C2E44C /* Base */ = {isa = PBXFileReference; lastKnownFileType = file.storyboard; name = Base; path = Base.lproj/Main.storyboard; sourceTree = "<group>"; };
		17E783191C5D1B1500C2E44C /* Assets.xcassets */ = {isa = PBXFileReference; lastKnownFileType = folder.assetcatalog; path = Assets.xcassets; sourceTree = "<group>"; };
		17E7831C1C5D1B1500C2E44C /* Base */ = {isa = PBXFileReference; lastKnownFileType = file.storyboard; name = Base; path = Base.lproj/LaunchScreen.storyboard; sourceTree = "<group>"; };
		17E7831E1C5D1B1500C2E44C /* Info.plist */ = {isa = PBXFileReference; lastKnownFileType = text.plist.xml; path = Info.plist; sourceTree = "<group>"; };
		8E5A18B3F3745095FB765EA7 /* Pods-weatherApp.debug.xcconfig */ = {isa = PBXFileReference; includeInIndex = 1; lastKnownFileType = text.xcconfig; name = "Pods-weatherApp.debug.xcconfig"; path = "Pods/Target Support Files/Pods-weatherApp/Pods-weatherApp.debug.xcconfig"; sourceTree = "<group>"; };
		B9D048C3D7E558643A85CFB0 /* Pods_weatherApp.framework */ = {isa = PBXFileReference; explicitFileType = wrapper.framework; includeInIndex = 0; path = Pods_weatherApp.framework; sourceTree = BUILT_PRODUCTS_DIR; };
/* End PBXFileReference section */

/* Begin PBXFrameworksBuildPhase section */
		17E7830C1C5D1B1500C2E44C /* Frameworks */ = {
			isa = PBXFrameworksBuildPhase;
			buildActionMask = 2147483647;
			files = (
				63AEF26D7DE98346554F4D8D /* Pods_weatherApp.framework in Frameworks */,
			);
			runOnlyForDeploymentPostprocessing = 0;
		};
/* End PBXFrameworksBuildPhase section */

/* Begin PBXGroup section */
		179B4BDD1C5D71F1005F4FC8 /* View */ = {
			isa = PBXGroup;
			children = (
				17E7831B1C5D1B1500C2E44C /* LaunchScreen.storyboard */,
				17E783161C5D1B1500C2E44C /* Main.storyboard */,
				179B4BEB1C5D7F97005F4FC8 /* TableViewCell.swift */,
			);
			name = View;
			sourceTree = "<group>";
		};
		179B4BDE1C5D71F8005F4FC8 /* Controller */ = {
			isa = PBXGroup;
			children = (
				17E783141C5D1B1500C2E44C /* ViewController.swift */,
				179B4BE11C5D7322005F4FC8 /* selectCityVC.swift */,
			);
			name = Controller;
			sourceTree = "<group>";
		};
		179B4BE31C5D7419005F4FC8 /* Model */ = {
			isa = PBXGroup;
			children = (
				179B4BE41C5D7440005F4FC8 /* City.swift */,
			);
			name = Model;
			sourceTree = "<group>";
		};
		179B4BE61C5D76A0005F4FC8 /* Data */ = {
			isa = PBXGroup;
			children = (
				179B4BE71C5D76B8005F4FC8 /* Constants.swift */,
			);
			name = Data;
			sourceTree = "<group>";
		};
		17E783061C5D1B1500C2E44C = {
			isa = PBXGroup;
			children = (
				17E783111C5D1B1500C2E44C /* weatherApp */,
				17E783101C5D1B1500C2E44C /* Products */,
				DE40E97870FC0DEBE1EC3C52 /* Pods */,
				DA7E3FF9A695C7D17B22ACDE /* Frameworks */,
			);
			sourceTree = "<group>";
		};
		17E783101C5D1B1500C2E44C /* Products */ = {
			isa = PBXGroup;
			children = (
				17E7830F1C5D1B1500C2E44C /* weatherApp.app */,
			);
			name = Products;
			sourceTree = "<group>";
		};
		17E783111C5D1B1500C2E44C /* weatherApp */ = {
			isa = PBXGroup;
			children = (
				179B4BE61C5D76A0005F4FC8 /* Data */,
				179B4BE31C5D7419005F4FC8 /* Model */,
				179B4BDE1C5D71F8005F4FC8 /* Controller */,
				179B4BDD1C5D71F1005F4FC8 /* View */,
				17E783121C5D1B1500C2E44C /* AppDelegate.swift */,
				17E783191C5D1B1500C2E44C /* Assets.xcassets */,
				17E7831E1C5D1B1500C2E44C /* Info.plist */,
			);
			path = weatherApp;
			sourceTree = "<group>";
		};
		DA7E3FF9A695C7D17B22ACDE /* Frameworks */ = {
			isa = PBXGroup;
			children = (
				B9D048C3D7E558643A85CFB0 /* Pods_weatherApp.framework */,
			);
			name = Frameworks;
			sourceTree = "<group>";
		};
		DE40E97870FC0DEBE1EC3C52 /* Pods */ = {
			isa = PBXGroup;
			children = (
				8E5A18B3F3745095FB765EA7 /* Pods-weatherApp.debug.xcconfig */,
				0387E147ACCF4725C454E584 /* Pods-weatherApp.release.xcconfig */,
			);
			name = Pods;
			sourceTree = "<group>";
		};
/* End PBXGroup section */

/* Begin PBXNativeTarget section */
		17E7830E1C5D1B1500C2E44C /* weatherApp */ = {
			isa = PBXNativeTarget;
			buildConfigurationList = 17E783211C5D1B1500C2E44C /* Build configuration list for PBXNativeTarget "weatherApp" */;
			buildPhases = (
				85B363E6776D77E1FB812639 /* Check Pods Manifest.lock */,
				17E7830B1C5D1B1500C2E44C /* Sources */,
				17E7830C1C5D1B1500C2E44C /* Frameworks */,
				17E7830D1C5D1B1500C2E44C /* Resources */,
				2901B2146BA02DA8E808A30B /* Embed Pods Frameworks */,
				3329A143C584328B7AFFE5C6 /* Copy Pods Resources */,
			);
			buildRules = (
			);
			dependencies = (
			);
			name = weatherApp;
			productName = weatherApp;
			productReference = 17E7830F1C5D1B1500C2E44C /* weatherApp.app */;
			productType = "com.apple.product-type.application";
		};
/* End PBXNativeTarget section */

/* Begin PBXProject section */
		17E783071C5D1B1500C2E44C /* Project object */ = {
			isa = PBXProject;
			attributes = {
				LastSwiftUpdateCheck = 0720;
				LastUpgradeCheck = 0720;
				ORGANIZATIONNAME = "shengxiang guo";
				TargetAttributes = {
					17E7830E1C5D1B1500C2E44C = {
						CreatedOnToolsVersion = 7.2;
						DevelopmentTeam = H974VRTSPW;
					};
				};
			};
			buildConfigurationList = 17E7830A1C5D1B1500C2E44C /* Build configuration list for PBXProject "weatherApp" */;
			compatibilityVersion = "Xcode 3.2";
			developmentRegion = English;
			hasScannedForEncodings = 0;
			knownRegions = (
				en,
				Base,
			);
			mainGroup = 17E783061C5D1B1500C2E44C;
			productRefGroup = 17E783101C5D1B1500C2E44C /* Products */;
			projectDirPath = "";
			projectRoot = "";
			targets = (
				17E7830E1C5D1B1500C2E44C /* weatherApp */,
			);
		};
/* End PBXProject section */

/* Begin PBXResourcesBuildPhase section */
		17E7830D1C5D1B1500C2E44C /* Resources */ = {
			isa = PBXResourcesBuildPhase;
			buildActionMask = 2147483647;
			files = (
				17E7831D1C5D1B1500C2E44C /* LaunchScreen.storyboard in Resources */,
				17E7831A1C5D1B1500C2E44C /* Assets.xcassets in Resources */,
				17E783181C5D1B1500C2E44C /* Main.storyboard in Resources */,
			);
			runOnlyForDeploymentPostprocessing = 0;
		};
/* End PBXResourcesBuildPhase section */

/* Begin PBXShellScriptBuildPhase section */
		2901B2146BA02DA8E808A30B /* Embed Pods Frameworks */ = {
			isa = PBXShellScriptBuildPhase;
			buildActionMask = 2147483647;
			files = (
			);
			inputPaths = (
			);
			name = "Embed Pods Frameworks";
			outputPaths = (
			);
			runOnlyForDeploymentPostprocessing = 0;
			shellPath = /bin/sh;
			shellScript = "\"${SRCROOT}/Pods/Target Support Files/Pods-weatherApp/Pods-weatherApp-frameworks.sh\"\n";
			showEnvVarsInLog = 0;
		};
		3329A143C584328B7AFFE5C6 /* Copy Pods Resources */ = {
			isa = PBXShellScriptBuildPhase;
			buildActionMask = 2147483647;
			files = (
			);
			inputPaths = (
			);
			name = "Copy Pods Resources";
			outputPaths = (
			);
			runOnlyForDeploymentPostprocessing = 0;
			shellPath = /bin/sh;
			shellScript = "\"${SRCROOT}/Pods/Target Support Files/Pods-weatherApp/Pods-weatherApp-resources.sh\"\n";
			showEnvVarsInLog = 0;
		};
		85B363E6776D77E1FB812639 /* Check Pods Manifest.lock */ = {
			isa = PBXShellScriptBuildPhase;
			buildActionMask = 2147483647;
			files = (
			);
			inputPaths = (
			);
			name = "Check Pods Manifest.lock";
			outputPaths = (
			);
			runOnlyForDeploymentPostprocessing = 0;
			shellPath = /bin/sh;
			shellScript = "diff \"${PODS_ROOT}/../Podfile.lock\" \"${PODS_ROOT}/Manifest.lock\" > /dev/null\nif [[ $? != 0 ]] ; then\n    cat << EOM\nerror: The sandbox is not in sync with the Podfile.lock. Run 'pod install' or update your CocoaPods installation.\nEOM\n    exit 1\nfi\n";
			showEnvVarsInLog = 0;
		};
/* End PBXShellScriptBuildPhase section */

/* Begin PBXSourcesBuildPhase section */
		17E7830B1C5D1B1500C2E44C /* Sources */ = {
			isa = PBXSourcesBuildPhase;
			buildActionMask = 2147483647;
			files = (
				179B4BE81C5D76B8005F4FC8 /* Constants.swift in Sources */,
				179B4BE21C5D7322005F4FC8 /* selectCityVC.swift in Sources */,
				17E783151C5D1B1500C2E44C /* ViewController.swift in Sources */,
				179B4BEC1C5D7F97005F4FC8 /* TableViewCell.swift in Sources */,
				179B4BE51C5D7440005F4FC8 /* City.swift in Sources */,
				17E783131C5D1B1500C2E44C /* AppDelegate.swift in Sources */,
			);
			runOnlyForDeploymentPostprocessing = 0;
		};
/* End PBXSourcesBuildPhase section */

/* Begin PBXVariantGroup section */
		17E783161C5D1B1500C2E44C /* Main.storyboard */ = {
			isa = PBXVariantGroup;
			children = (
				17E783171C5D1B1500C2E44C /* Base */,
			);
			name = Main.storyboard;
			sourceTree = "<group>";
		};
		17E7831B1C5D1B1500C2E44C /* LaunchScreen.storyboard */ = {
			isa = PBXVariantGroup;
			children = (
				17E7831C1C5D1B1500C2E44C /* Base */,
			);
			name = LaunchScreen.storyboard;
			sourceTree = "<group>";
		};
/* End PBXVariantGroup section */

/* Begin XCBuildConfiguration section */
		17E7831F1C5D1B1500C2E44C /* Debug */ = {
			isa = XCBuildConfiguration;
			buildSettings = {
				ALWAYS_SEARCH_USER_PATHS = NO;
				CLANG_CXX_LANGUAGE_STANDARD = "gnu++0x";
				CLANG_CXX_LIBRARY = "libc++";
				CLANG_ENABLE_MODULES = YES;
				CLANG_ENABLE_OBJC_ARC = YES;
				CLANG_WARN_BOOL_CONVERSION = YES;
				CLANG_WARN_CONSTANT_CONVERSION = YES;
				CLANG_WARN_DIRECT_OBJC_ISA_USAGE = YES_ERROR;
				CLANG_WARN_EMPTY_BODY = YES;
				CLANG_WARN_ENUM_CONVERSION = YES;
				CLANG_WARN_INT_CONVERSION = YES;
				CLANG_WARN_OBJC_ROOT_CLASS = YES_ERROR;
				CLANG_WARN_UNREACHABLE_CODE = YES;
				CLANG_WARN__DUPLICATE_METHOD_MATCH = YES;
				"CODE_SIGN_IDENTITY[sdk=iphoneos*]" = "iPhone Developer";
				COPY_PHASE_STRIP = NO;
				DEBUG_INFORMATION_FORMAT = dwarf;
				ENABLE_STRICT_OBJC_MSGSEND = YES;
				ENABLE_TESTABILITY = YES;
				GCC_C_LANGUAGE_STANDARD = gnu99;
				GCC_DYNAMIC_NO_PIC = NO;
				GCC_NO_COMMON_BLOCKS = YES;
				GCC_OPTIMIZATION_LEVEL = 0;
				GCC_PREPROCESSOR_DEFINITIONS = (
					"DEBUG=1",
					"$(inherited)",
				);
				GCC_WARN_64_TO_32_BIT_CONVERSION = YES;
				GCC_WARN_ABOUT_RETURN_TYPE = YES_ERROR;
				GCC_WARN_UNDECLARED_SELECTOR = YES;
				GCC_WARN_UNINITIALIZED_AUTOS = YES_AGGRESSIVE;
				GCC_WARN_UNUSED_FUNCTION = YES;
				GCC_WARN_UNUSED_VARIABLE = YES;
				IPHONEOS_DEPLOYMENT_TARGET = 9.0;
				MTL_ENABLE_DEBUG_INFO = YES;
				ONLY_ACTIVE_ARCH = YES;
				SDKROOT = iphoneos;
				SWIFT_OPTIMIZATION_LEVEL = "-Onone";
				TARGETED_DEVICE_FAMILY = "1,2";
			};
			name = Debug;
		};
		17E783201C5D1B1500C2E44C /* Release */ = {
			isa = XCBuildConfiguration;
			buildSettings = {
				ALWAYS_SEARCH_USER_PATHS = NO;
				CLANG_CXX_LANGUAGE_STANDARD = "gnu++0x";
				CLANG_CXX_LIBRARY = "libc++";
				CLANG_ENABLE_MODULES = YES;
				CLANG_ENABLE_OBJC_ARC = YES;
				CLANG_WARN_BOOL_CONVERSION = YES;
				CLANG_WARN_CONSTANT_CONVERSION = YES;
				CLANG_WARN_DIRECT_OBJC_ISA_USAGE = YES_ERROR;
				CLANG_WARN_EMPTY_BODY = YES;
				CLANG_WARN_ENUM_CONVERSION = YES;
				CLANG_WARN_INT_CONVERSION = YES;
				CLANG_WARN_OBJC_ROOT_CLASS = YES_ERROR;
				CLANG_WARN_UNREACHABLE_CODE = YES;
				CLANG_WARN__DUPLICATE_METHOD_MATCH = YES;
				"CODE_SIGN_IDENTITY[sdk=iphoneos*]" = "iPhone Developer";
				COPY_PHASE_STRIP = NO;
				DEBUG_INFORMATION_FORMAT = "dwarf-with-dsym";
				ENABLE_NS_ASSERTIONS = NO;
				ENABLE_STRICT_OBJC_MSGSEND = YES;
				GCC_C_LANGUAGE_STANDARD = gnu99;
				GCC_NO_COMMON_BLOCKS = YES;
				GCC_WARN_64_TO_32_BIT_CONVERSION = YES;
				GCC_WARN_ABOUT_RETURN_TYPE = YES_ERROR;
				GCC_WARN_UNDECLARED_SELECTOR = YES;
				GCC_WARN_UNINITIALIZED_AUTOS = YES_AGGRESSIVE;
				GCC_WARN_UNUSED_FUNCTION = YES;
				GCC_WARN_UNUSED_VARIABLE = YES;
				IPHONEOS_DEPLOYMENT_TARGET = 9.0;
				MTL_ENABLE_DEBUG_INFO = NO;
				SDKROOT = iphoneos;
				TARGETED_DEVICE_FAMILY = "1,2";
				VALIDATE_PRODUCT = YES;
			};
			name = Release;
		};
		17E783221C5D1B1500C2E44C /* Debug */ = {
			isa = XCBuildConfiguration;
			baseConfigurationReference = 8E5A18B3F3745095FB765EA7 /* Pods-weatherApp.debug.xcconfig */;
			buildSettings = {
				ASSETCATALOG_COMPILER_APPICON_NAME = AppIcon;
				CODE_SIGN_IDENTITY = "iPhone Developer";
				INFOPLIST_FILE = weatherApp/Info.plist;
				IPHONEOS_DEPLOYMENT_TARGET = 9.0;
				LD_RUNPATH_SEARCH_PATHS = "$(inherited) @executable_path/Frameworks";
				PRODUCT_BUNDLE_IDENTIFIER = com.shengxiang.weatherApp;
				PRODUCT_NAME = "$(TARGET_NAME)";
				TARGETED_DEVICE_FAMILY = 1;
			};
			name = Debug;
		};
		17E783231C5D1B1500C2E44C /* Release */ = {
			isa = XCBuildConfiguration;
			baseConfigurationReference = 0387E147ACCF4725C454E584 /* Pods-weatherApp.release.xcconfig */;
			buildSettings = {
				ASSETCATALOG_COMPILER_APPICON_NAME = AppIcon;
				CODE_SIGN_IDENTITY = "iPhone Developer";
				INFOPLIST_FILE = weatherApp/Info.plist;
				IPHONEOS_DEPLOYMENT_TARGET = 9.0;
				LD_RUNPATH_SEARCH_PATHS = "$(inherited) @executable_path/Frameworks";
				PRODUCT_BUNDLE_IDENTIFIER = com.shengxiang.weatherApp;
				PRODUCT_NAME = "$(TARGET_NAME)";
				TARGETED_DEVICE_FAMILY = 1;
			};
			name = Release;
		};
/* End XCBuildConfiguration section */

/* Begin XCConfigurationList section */
		17E7830A1C5D1B1500C2E44C /* Build configuration list for PBXProject "weatherApp" */ = {
			isa = XCConfigurationList;
			buildConfigurations = (
				17E7831F1C5D1B1500C2E44C /* Debug */,
				17E783201C5D1B1500C2E44C /* Release */,
			);
			defaultConfigurationIsVisible = 0;
			defaultConfigurationName = Release;
		};
		17E783211C5D1B1500C2E44C /* Build configuration list for PBXNativeTarget "weatherApp" */ = {
			isa = XCConfigurationList;
			buildConfigurations = (
				17E783221C5D1B1500C2E44C /* Debug */,
				17E783231C5D1B1500C2E44C /* Release */,
			);
			defaultConfigurationIsVisible = 0;
			defaultConfigurationName = Release;
		};
/* End XCConfigurationList section */
	};
	rootObject = 17E783071C5D1B1500C2E44C /* Project object */;
}
